
Microsoft Visual Studio Solution File, Format Version 12.00
# Visual Studio Version 17
VisualStudioVersion = 17.3.32901.215
MinimumVisualStudioVersion = 10.0.40219.1
Project("{FAE04EC0-301F-11D3-BF4B-00C04F79EFBC}") = "WFLearning1", "WFLearning1.csproj", "{B597C641-B284-487C-BD92-B24339115FAB}"
EndProject
Global
	GlobalSection(SolutionConfigurationPlatforms) = preSolution
		Debug|Any CPU = Debug|Any CPU
		Release|Any CPU = Release|Any CPU
	EndGlobalSection
	GlobalSection(ProjectConfigurationPlatforms) = postSolution
		{B597C641-B284-487C-BD92-B24339115FAB}.Debug|Any CPU.ActiveCfg = Debug|Any CPU
		{B597C641-B284-487C-BD92-B24339115FAB}.Debug|Any CPU.Build.0 = Debug|Any CPU
		{B597C641-B284-487C-BD92-B24339115FAB}.Release|Any CPU.ActiveCfg = Release|Any CPU
		{B597C641-B284-487C-BD92-B24339115FAB}.Release|Any CPU.Build.0 = Release|Any CPU
	EndGlobalSection
	GlobalSection(SolutionProperties) = preSolution
		HideSolutionNode = FALSE
	EndGlobalSection
	GlobalSection(ExtensibilityGlobals) = postSolution
		SolutionGuid = {4EFBD600-4EDA-4BDD-81E5-3D6D2A15E729}
	EndGlobalSection
EndGlobal
